
Microsoft Visual Studio Solution File, Format Version 12.00
# Visual Studio Version 17
VisualStudioVersion = 17.14.36109.1 d17.14
MinimumVisualStudioVersion = 10.0.40219.1
Project("{FAE04EC0-301F-11D3-BF4B-00C04F79EFBC}") = "Mission 4", "Mission 4\Mission 4.csproj", "{A334FA79-DBBF-4BAA-AD79-60E7690891C9}"
EndProject
Global
	GlobalSection(SolutionConfigurationPlatforms) = preSolution
		Debug|Any CPU = Debug|Any CPU
		Release|Any CPU = Release|Any CPU
	EndGlobalSection
	GlobalSection(ProjectConfigurationPlatforms) = postSolution
		{A334FA79-DBBF-4BAA-AD79-60E7690891C9}.Debug|Any CPU.ActiveCfg = Debug|Any CPU
		{A334FA79-DBBF-4BAA-AD79-60E7690891C9}.Debug|Any CPU.Build.0 = Debug|Any CPU
		{A334FA79-DBBF-4BAA-AD79-60E7690891C9}.Release|Any CPU.ActiveCfg = Release|Any CPU
		{A334FA79-DBBF-4BAA-AD79-60E7690891C9}.Release|Any CPU.Build.0 = Release|Any CPU
	EndGlobalSection
	GlobalSection(SolutionProperties) = preSolution
		HideSolutionNode = FALSE
	EndGlobalSection
	GlobalSection(ExtensibilityGlobals) = postSolution
		SolutionGuid = {EA2EADBB-7AF3-44F5-AE1A-803BE7093D92}
	EndGlobalSection
EndGlobal
