
Microsoft Visual Studio Solution File, Format Version 12.00
# Visual Studio Version 17
VisualStudioVersion = 17.14.36109.1 d17.14
MinimumVisualStudioVersion = 10.0.40219.1
Project("{FAE04EC0-301F-11D3-BF4B-00C04F79EFBC}") = "Mission 3", "Mission 3\Mission 3.csproj", "{337B0228-EED5-4650-896D-AC866472B406}"
EndProject
Global
	GlobalSection(SolutionConfigurationPlatforms) = preSolution
		Debug|Any CPU = Debug|Any CPU
		Release|Any CPU = Release|Any CPU
	EndGlobalSection
	GlobalSection(ProjectConfigurationPlatforms) = postSolution
		{337B0228-EED5-4650-896D-AC866472B406}.Debug|Any CPU.ActiveCfg = Debug|Any CPU
		{337B0228-EED5-4650-896D-AC866472B406}.Debug|Any CPU.Build.0 = Debug|Any CPU
		{337B0228-EED5-4650-896D-AC866472B406}.Release|Any CPU.ActiveCfg = Release|Any CPU
		{337B0228-EED5-4650-896D-AC866472B406}.Release|Any CPU.Build.0 = Release|Any CPU
	EndGlobalSection
	GlobalSection(SolutionProperties) = preSolution
		HideSolutionNode = FALSE
	EndGlobalSection
	GlobalSection(ExtensibilityGlobals) = postSolution
		SolutionGuid = {29333E31-AF40-41AD-A46B-869849B105D5}
	EndGlobalSection
EndGlobal
