
Microsoft Visual Studio Solution File, Format Version 12.00
# Visual Studio Version 17
VisualStudioVersion = 17.14.36109.1 d17.14
MinimumVisualStudioVersion = 10.0.40219.1
Project("{FAE04EC0-301F-11D3-BF4B-00C04F79EFBC}") = "Mission 1", "Mission 1\Mission 1.csproj", "{E117ADAC-3AF3-4638-8342-ECA96B668EF8}"
EndProject
Global
	GlobalSection(SolutionConfigurationPlatforms) = preSolution
		Debug|Any CPU = Debug|Any CPU
		Release|Any CPU = Release|Any CPU
	EndGlobalSection
	GlobalSection(ProjectConfigurationPlatforms) = postSolution
		{E117ADAC-3AF3-4638-8342-ECA96B668EF8}.Debug|Any CPU.ActiveCfg = Debug|Any CPU
		{E117ADAC-3AF3-4638-8342-ECA96B668EF8}.Debug|Any CPU.Build.0 = Debug|Any CPU
		{E117ADAC-3AF3-4638-8342-ECA96B668EF8}.Release|Any CPU.ActiveCfg = Release|Any CPU
		{E117ADAC-3AF3-4638-8342-ECA96B668EF8}.Release|Any CPU.Build.0 = Release|Any CPU
	EndGlobalSection
	GlobalSection(SolutionProperties) = preSolution
		HideSolutionNode = FALSE
	EndGlobalSection
	GlobalSection(ExtensibilityGlobals) = postSolution
		SolutionGuid = {6DB899AF-A29F-49D3-B49E-8127A25733D4}
	EndGlobalSection
EndGlobal
