
Microsoft Visual Studio Solution File, Format Version 12.00
# Visual Studio Version 17
VisualStudioVersion = 17.14.36202.13 d17.14
MinimumVisualStudioVersion = 10.0.40219.1
Project("{FAE04EC0-301F-11D3-BF4B-00C04F79EFBC}") = "Boss level", "Boss level\Boss level.csproj", "{9160DF9F-174E-4320-85D2-512A98FAC07B}"
EndProject
Global
	GlobalSection(SolutionConfigurationPlatforms) = preSolution
		Debug|Any CPU = Debug|Any CPU
		Release|Any CPU = Release|Any CPU
	EndGlobalSection
	GlobalSection(ProjectConfigurationPlatforms) = postSolution
		{9160DF9F-174E-4320-85D2-512A98FAC07B}.Debug|Any CPU.ActiveCfg = Debug|Any CPU
		{9160DF9F-174E-4320-85D2-512A98FAC07B}.Debug|Any CPU.Build.0 = Debug|Any CPU
		{9160DF9F-174E-4320-85D2-512A98FAC07B}.Release|Any CPU.ActiveCfg = Release|Any CPU
		{9160DF9F-174E-4320-85D2-512A98FAC07B}.Release|Any CPU.Build.0 = Release|Any CPU
	EndGlobalSection
	GlobalSection(SolutionProperties) = preSolution
		HideSolutionNode = FALSE
	EndGlobalSection
	GlobalSection(ExtensibilityGlobals) = postSolution
		SolutionGuid = {D9F29592-897B-43D2-A0F0-DD6442224662}
	EndGlobalSection
EndGlobal
